
Microsoft Visual Studio Solution File, Format Version 12.00
# Visual Studio Version 17
VisualStudioVersion = 17.1.32328.378
MinimumVisualStudioVersion = 10.0.40219.1
Project("{FAE04EC0-301F-11D3-BF4B-00C04F79EFBC}") = "Aspekt.API", "Aspekt.API\Aspekt.API.csproj", "{93D27823-DCEE-4BA5-8980-2A649306F1F4}"
EndProject
Project("{FAE04EC0-301F-11D3-BF4B-00C04F79EFBC}") = "Aspekt.Application", "Aspekt.Application\Aspekt.Application.csproj", "{22DF5327-7708-4FC6-8843-036156327082}"
EndProject
Project("{FAE04EC0-301F-11D3-BF4B-00C04F79EFBC}") = "Aspekt.Domain", "Aspekt.Domain\Aspekt.Domain.csproj", "{DF6BDC6C-CA4E-43F6-96A3-19CFC9CB6214}"
EndProject
Project("{FAE04EC0-301F-11D3-BF4B-00C04F79EFBC}") = "Aspekt.Infrastructure", "Aspekt.Infrastructure\Aspekt.Infrastructure.csproj", "{9299163E-E27C-4DBF-AB58-D38B19A143C3}"
EndProject
Global
	GlobalSection(SolutionConfigurationPlatforms) = preSolution
		Debug|Any CPU = Debug|Any CPU
		Release|Any CPU = Release|Any CPU
	EndGlobalSection
	GlobalSection(ProjectConfigurationPlatforms) = postSolution
		{93D27823-DCEE-4BA5-8980-2A649306F1F4}.Debug|Any CPU.ActiveCfg = Debug|Any CPU
		{93D27823-DCEE-4BA5-8980-2A649306F1F4}.Debug|Any CPU.Build.0 = Debug|Any CPU
		{93D27823-DCEE-4BA5-8980-2A649306F1F4}.Release|Any CPU.ActiveCfg = Release|Any CPU
		{93D27823-DCEE-4BA5-8980-2A649306F1F4}.Release|Any CPU.Build.0 = Release|Any CPU
		{22DF5327-7708-4FC6-8843-036156327082}.Debug|Any CPU.ActiveCfg = Debug|Any CPU
		{22DF5327-7708-4FC6-8843-036156327082}.Debug|Any CPU.Build.0 = Debug|Any CPU
		{22DF5327-7708-4FC6-8843-036156327082}.Release|Any CPU.ActiveCfg = Release|Any CPU
		{22DF5327-7708-4FC6-8843-036156327082}.Release|Any CPU.Build.0 = Release|Any CPU
		{DF6BDC6C-CA4E-43F6-96A3-19CFC9CB6214}.Debug|Any CPU.ActiveCfg = Debug|Any CPU
		{DF6BDC6C-CA4E-43F6-96A3-19CFC9CB6214}.Debug|Any CPU.Build.0 = Debug|Any CPU
		{DF6BDC6C-CA4E-43F6-96A3-19CFC9CB6214}.Release|Any CPU.ActiveCfg = Release|Any CPU
		{DF6BDC6C-CA4E-43F6-96A3-19CFC9CB6214}.Release|Any CPU.Build.0 = Release|Any CPU
		{9299163E-E27C-4DBF-AB58-D38B19A143C3}.Debug|Any CPU.ActiveCfg = Debug|Any CPU
		{9299163E-E27C-4DBF-AB58-D38B19A143C3}.Debug|Any CPU.Build.0 = Debug|Any CPU
		{9299163E-E27C-4DBF-AB58-D38B19A143C3}.Release|Any CPU.ActiveCfg = Release|Any CPU
		{9299163E-E27C-4DBF-AB58-D38B19A143C3}.Release|Any CPU.Build.0 = Release|Any CPU
	EndGlobalSection
	GlobalSection(SolutionProperties) = preSolution
		HideSolutionNode = FALSE
	EndGlobalSection
	GlobalSection(ExtensibilityGlobals) = postSolution
		SolutionGuid = {C40D7B36-480F-450F-9C23-B08B6188660E}
	EndGlobalSection
EndGlobal
